
Microsoft Visual Studio Solution File, Format Version 12.00
# Visual Studio Version 17
VisualStudioVersion = 17.14.37328.6 d17.14
MinimumVisualStudioVersion = 10.0.40219.1
Project("{FAE04EC0-301F-11D3-BF4B-00C04F79EFBC}") = "DataTable", "DataTable.csproj", "{DEC740C6-983B-4B51-995F-252DD324BC1F}"
EndProject
Global
	GlobalSection(SolutionConfigurationPlatforms) = preSolution
		Debug|Any CPU = Debug|Any CPU
		Release|Any CPU = Release|Any CPU
	EndGlobalSection
	GlobalSection(ProjectConfigurationPlatforms) = postSolution
		{DEC740C6-983B-4B51-995F-252DD324BC1F}.Debug|Any CPU.ActiveCfg = Debug|Any CPU
		{DEC740C6-983B-4B51-995F-252DD324BC1F}.Debug|Any CPU.Build.0 = Debug|Any CPU
		{DEC740C6-983B-4B51-995F-252DD324BC1F}.Release|Any CPU.ActiveCfg = Release|Any CPU
		{DEC740C6-983B-4B51-995F-252DD324BC1F}.Release|Any CPU.Build.0 = Release|Any CPU
	EndGlobalSection
	GlobalSection(SolutionProperties) = preSolution
		HideSolutionNode = FALSE
	EndGlobalSection
	GlobalSection(ExtensibilityGlobals) = postSolution
		SolutionGuid = {296F9672-49AE-430A-9A93-FA9D0D153BDD}
	EndGlobalSection
EndGlobal
