
Microsoft Visual Studio Solution File, Format Version 12.00
# Visual Studio Version 17
VisualStudioVersion = 17.14.37203.1 d17.14
MinimumVisualStudioVersion = 10.0.40219.1
Project("{FAE04EC0-301F-11D3-BF4B-00C04F79EFBC}") = "Parameterized with LIKE", "Parameterized with LIKE.csproj", "{03B7FEA3-5DDB-453F-BF3B-46D2A4733DAA}"
EndProject
Global
	GlobalSection(SolutionConfigurationPlatforms) = preSolution
		Debug|Any CPU = Debug|Any CPU
		Release|Any CPU = Release|Any CPU
	EndGlobalSection
	GlobalSection(ProjectConfigurationPlatforms) = postSolution
		{03B7FEA3-5DDB-453F-BF3B-46D2A4733DAA}.Debug|Any CPU.ActiveCfg = Debug|Any CPU
		{03B7FEA3-5DDB-453F-BF3B-46D2A4733DAA}.Debug|Any CPU.Build.0 = Debug|Any CPU
		{03B7FEA3-5DDB-453F-BF3B-46D2A4733DAA}.Release|Any CPU.ActiveCfg = Release|Any CPU
		{03B7FEA3-5DDB-453F-BF3B-46D2A4733DAA}.Release|Any CPU.Build.0 = Release|Any CPU
	EndGlobalSection
	GlobalSection(SolutionProperties) = preSolution
		HideSolutionNode = FALSE
	EndGlobalSection
	GlobalSection(ExtensibilityGlobals) = postSolution
		SolutionGuid = {C7E5B1AA-0BA0-42B0-9DD2-B05A20223166}
	EndGlobalSection
EndGlobal
